{
  "name": "chainjet-cli",
  "version": "1.0.5",
  "lockfileVersion": 3,
  "requires": true,
  "packages": {
    "": {
      "name": "chainjet-cli",
      "version": "1.0.5",
      "license": "MIT",
      "bin": {
        "chainjet": "bin/chainjet.js"
      },
      "engines": {
        "node": ">=18.0.0"
      }
    }
  }
}
